{
  "lockfileVersion": 1,
  "configVersion": 1,
  "workspaces": {
    "": {
      "dependencies": {
        "ccusage": "^20.0.26",
      },
      "devDependencies": {
        "electron": "42",
      },
    },
  },
  "packages": {
    "@ccusage/ccusage-darwin-arm64": ["@ccusage/ccusage-darwin-arm64@20.0.26", "", { "os": "darwin", "cpu": "arm64" }, "sha512-wc2Ed0elPARpRyfQkSrSXuX136yDEGOLkMqxQA/3gdNm+/hxgAN4fKeZsawFKelofLoCvWIy+QkUbSJ71BwNxw=="],

    "@ccusage/ccusage-darwin-x64": ["@ccusage/ccusage-darwin-x64@20.0.26", "", { "os": "darwin", "cpu": "x64" }, "sha512-nka8clxB50Z1k+wcKTzV4oNpxin5z+9NmDqeF3VGk67s3occehKGDLFWeRsmDZERRC4uFzOc6GaqFt1bYLQjBw=="],

    "@ccusage/ccusage-linux-arm64": ["@ccusage/ccusage-linux-arm64@20.0.26", "", { "os": "linux", "cpu": "arm64" }, "sha512-R8/gdX+XNYVxH6ZPq3RtBJt8TU23BFMLaHXwgF+ZYZyi8qbHwofrQemgZflB2cKWYgz3ejXuS2U2ggqzqNW8rw=="],

    "@ccusage/ccusage-linux-x64": ["@ccusage/ccusage-linux-x64@20.0.26", "", { "os": "linux", "cpu": "x64" }, "sha512-46wa7ImMzejMUuo5pSI2uYml7jgE58TID2/QQS9YJO3BwI6woyti6cy3xtZk+TyG1HiyzeH8P+3r8hSVDaAvsg=="],

    "@ccusage/ccusage-win32-arm64": ["@ccusage/ccusage-win32-arm64@20.0.26", "", { "os": "win32", "cpu": "arm64" }, "sha512-b8NhotspDebbi2Pm0YEnWgD7v0XDw362fpmFhkXMyCytSnjyRPLwYAvSNRsQv1Y3YLKoxNMZjYeD7uea2+rlMw=="],

    "@ccusage/ccusage-win32-x64": ["@ccusage/ccusage-win32-x64@20.0.26", "", { "os": "win32", "cpu": "x64" }, "sha512-YMmtsZn4QNDwjglTKI3dvIZIyfqNQjoMPvJRpt6EVcfNzP7z8+OdxYp6Vd8Zj1ZwjHkLKqQGLQnV9fLnt5n/2A=="],

    "@electron-internal/extract-zip": ["@electron-internal/extract-zip@1.0.5", "", {}, "sha512-+bqFCP98pLI0Tt0XQo1TmlXtwjWchISndDOxCkEcIuUgXWpBnLyRI+2DU+mesvnMMX6L1XDqYNA0lXNDHd/yiA=="],

    "@electron/get": ["@electron/get@5.1.0", "", { "dependencies": { "debug": "^4.1.1", "env-paths": "^3.0.0", "graceful-fs": "^4.2.11", "progress": "^2.0.3", "semver": "^7.6.3", "sumchecker": "^3.0.1" }, "optionalDependencies": { "undici": "^7.24.4" } }, "sha512-3kSBtG8ObcTVfXanm5vVJ6UnBLEVmVsRk1M+vGqCuMBV+XLCbJYuWQful+yIy0GQDsSlK0kHEriEHn7SPk4EnA=="],

    "@types/node": ["@types/node@24.13.3", "", { "dependencies": { "undici-types": "~7.18.0" } }, "sha512-Dh8vAsV36ig5wa9OX4pXvMc9D3Veibfw2wix0CUwYODLD8nkj9UsLjASr49nPg+2eKzxhBV+v7L8pXvT4e639Q=="],

    "ccusage": ["ccusage@20.0.26", "", { "optionalDependencies": { "@ccusage/ccusage-darwin-arm64": "20.0.26", "@ccusage/ccusage-darwin-x64": "20.0.26", "@ccusage/ccusage-linux-arm64": "20.0.26", "@ccusage/ccusage-linux-x64": "20.0.26", "@ccusage/ccusage-win32-arm64": "20.0.26", "@ccusage/ccusage-win32-x64": "20.0.26" }, "bin": { "ccusage": "./src/cli.js" } }, "sha512-46TTmFKcuNyWbtqj8HZqWTmVQIsApvGO4xP+E2VL5NC/oMjdtHOv9svVTsHX1WQgetbNOV4GdvQGHLG22vXZgg=="],

    "debug": ["debug@4.4.3", "", { "dependencies": { "ms": "^2.1.3" } }, "sha512-RGwwWnwQvkVfavKVt22FGLw+xYSdzARwm0ru6DhTVA3umU5hZc28V3kO4stgYryrTlLpuvgI9GiijltAjNbcqA=="],

    "electron": ["electron@42.9.3", "", { "dependencies": { "@electron-internal/extract-zip": "^1.0.1", "@electron/get": "^5.0.0", "@types/node": "^24.9.0" }, "bin": { "electron": "cli.js", "install-electron": "install.js" } }, "sha512-REQUgPrCWOP0FajNcKCwwjkssirN+MVbemyd6bT+x51OVq58y6IqjtpA4vmm/KEzKXj2MIOebx/gF497CkRAPg=="],

    "env-paths": ["env-paths@3.0.0", "", {}, "sha512-dtJUTepzMW3Lm/NPxRf3wP4642UWhjL2sQxc+ym2YMj1m/H2zDNQOlezafzkHwn6sMstjHTwG6iQQsctDW/b1A=="],

    "graceful-fs": ["graceful-fs@4.2.11", "", {}, "sha512-RbJ5/jmFcNNCcDV5o9eTnBLJ/HszWV0P73bc+Ff4nS/rJj+YaS6IGyiOL0VoBYX+l1Wrl3k63h/KrH+nhJ0XvQ=="],

    "ms": ["ms@2.1.3", "", {}, "sha512-6FlzubTLZG3J2a/NVCAleEhjzq5oxgHyaCU9yYXvcLsvoVaHJq/s5xXI6/XXP6tz7R9xAOtHnSO/tXtF3WRTlA=="],

    "progress": ["progress@2.0.3", "", {}, "sha512-7PiHtLll5LdnKIMw100I+8xJXR5gW2QwWYkT6iJva0bXitZKa/XMrSbdmg3r2Xnaidz9Qumd0VPaMrZlF9V9sA=="],

    "semver": ["semver@7.8.5", "", { "bin": { "semver": "bin/semver.js" } }, "sha512-Y7/KDsb8LjooZpwaqGyulO6DQlksgCncchHGk+sZIY4SBvUocMBEFH5Ur1fI4dV+Jvl0w6cjvucaIi40puRioA=="],

    "sumchecker": ["sumchecker@3.0.1", "", { "dependencies": { "debug": "^4.1.0" } }, "sha512-MvjXzkz/BOfyVDkG0oFOtBxHX2u3gKbMHIF/dXblZsgD3BWOFLmHovIpZY7BykJdAjcqRCBi1WYBNdEC9yI7vg=="],

    "undici": ["undici@7.29.0", "", {}, "sha512-IDxfleLmmbSskfWSUATiN1nfn2rDuvnMOqb5CWR92iIfojA0Ud+ulOAAEQ57LPr9rWmsreUyf5lwyao+7GNNVw=="],

    "undici-types": ["undici-types@7.18.2", "", {}, "sha512-AsuCzffGHJybSaRrmr5eHr81mwJU3kjw6M+uprWvCXiNeN9SOGwQ3Jn8jb8m3Z6izVgknn1R0FTCEAP2QrLY/w=="],
  }
}
